{
    "_meta": {
        "hash": {
            "sha256": "4de674d386c7286b706866a2f2f1296586b0526ee76500ed5c7fe0dfceb20556"
        },
        "pipfile-spec": 6,
        "requires": {
            "python_version": "3.9"
        },
        "sources": [
            {
                "name": "pypi",
                "url": "https://pypi.org/simple",
                "verify_ssl": true
            }
        ]
    },
    "default": {
        "actdiag": {
            "hashes": [
                "sha256:dd68850ba44202311f14e5c822c7a5f032c877538dc2fd3de99fdaa96af0fbc4",
                "sha256:f0e830b3a24f0b5681b4b116f5d4c370acca800b4e8cb1c7f828e0565bdaa13c"
            ],
            "version": "==2.0.0"
        },
        "alabaster": {
            "hashes": [
                "sha256:446438bdcca0e05bd45ea2de1668c1d9b032e1a9154c2c259092d77031ddd359",
                "sha256:a661d72d58e6ea8a57f7a86e37d86716863ee5e92788398526d58b26a4e4dc02"
            ],
            "version": "==0.7.12"
        },
        "altgraph": {
            "hashes": [
                "sha256:743628f2ac6a7c26f5d9223c91ed8ecbba535f506f4b6f558885a8a56a105857",
                "sha256:ebf2269361b47d97b3b88e696439f6e4cbc607c17c51feb1754f90fb79839158"
            ],
            "version": "==0.17.2"
        },
        "atomicwrites": {
            "hashes": [
                "sha256:6d1784dea7c0c8d4a5172b6c620f40b6e4cbfdf96d783691f2e1302a7b88e197",
                "sha256:ae70396ad1a434f9c7046fd2dd196fc04b12f9e91ffb859164193be8b6168a7a"
            ],
            "markers": "sys_platform == 'win32'",
            "version": "==1.4.0"
        },
        "attrs": {
            "hashes": [
                "sha256:149e90d6d8ac20db7a955ad60cf0e6881a3f20d37096140088356da6c716b0b1",
                "sha256:ef6aaac3ca6cd92904cdd0d83f629a15f18053ec84e6432106f7a4d04ae4f5fb"
            ],
            "version": "==21.2.0"
        },
        "babel": {
            "hashes": [
                "sha256:ab49e12b91d937cd11f0b67cb259a57ab4ad2b59ac7a3b41d6c06c0ac5b0def9",
                "sha256:bc0c176f9f6a994582230df350aa6e05ba2ebe4b3ac317eab29d9be5d2768da0"
            ],
            "version": "==2.9.1"
        },
        "blockdiag": {
            "hashes": [
                "sha256:16a69dd9f3b44c9e0869999ce82aa968586698febc86ece9ca0c902dba772397",
                "sha256:fa0b47cf25bfc4d546b7fc284c70c3bac875a066e744b4a6b1d9ba457e4ed077"
            ],
            "version": "==2.0.1"
        },
        "certifi": {
            "hashes": [
                "sha256:78884e7c1d4b00ce3cea67b44566851c4343c120abd683433ce934a68ea58872",
                "sha256:d62a0163eb4c2344ac042ab2bdf75399a71a2d8c7d47eac2e2ee91b9d6339569"
            ],
            "version": "==2021.10.8"
        },
        "charset-normalizer": {
            "hashes": [
                "sha256:e019de665e2bcf9c2b64e2e5aa025fa991da8720daa3c1138cadd2fd1856aed0",
                "sha256:f7af805c321bfa1ce6714c51f254e0d5bb5e5834039bc17db7ebe3a4cec9492b"
            ],
            "markers": "python_version >= '3'",
            "version": "==2.0.7"
        },
        "colorama": {
            "hashes": [
                "sha256:5941b2b48a20143d2267e95b1c2a7603ce057ee39fd88e7329b0c292aa16869b",
                "sha256:9f47eda37229f68eee03b24b9748937c7dc3868f906e8ba69fbcbdd3bc5dc3e2"
            ],
            "markers": "sys_platform == 'win32'",
            "version": "==0.4.4"
        },
        "coverage": {
            "extras": [
                "toml"
            ],
            "hashes": [
                "sha256:0147f7833c41927d84f5af9219d9b32f875c0689e5e74ac8ca3cb61e73a698f9",
                "sha256:04a92a6cf9afd99f9979c61348ec79725a9f9342fb45e63c889e33c04610d97b",
                "sha256:10ab138b153e4cc408b43792cb7f518f9ee02f4ff55cd1ab67ad6fd7e9905c7e",
                "sha256:2e5b9c17a56b8bf0c0a9477fcd30d357deb486e4e1b389ed154f608f18556c8a",
                "sha256:326d944aad0189603733d646e8d4a7d952f7145684da973c463ec2eefe1387c2",
                "sha256:359a32515e94e398a5c0fa057e5887a42e647a9502d8e41165cf5cb8d3d1ca67",
                "sha256:35cd2230e1ed76df7d0081a997f0fe705be1f7d8696264eb508076e0d0b5a685",
                "sha256:3b270c6b48d3ff5a35deb3648028ba2643ad8434b07836782b1139cf9c66313f",
                "sha256:42a1fb5dee3355df90b635906bb99126faa7936d87dfc97eacc5293397618cb7",
                "sha256:479228e1b798d3c246ac89b09897ee706c51b3e5f8f8d778067f38db73ccc717",
                "sha256:4cd919057636f63ab299ccb86ea0e78b87812400c76abab245ca385f17d19fb5",
                "sha256:4d8b453764b9b26b0dd2afb83086a7c3f9379134e340288d2a52f8a91592394b",
                "sha256:51a441011a30d693e71dea198b2a6f53ba029afc39f8e2aeb5b77245c1b282ef",
                "sha256:557594a50bfe3fb0b1b57460f6789affe8850ad19c1acf2d14a3e12b2757d489",
                "sha256:572f917267f363101eec375c109c9c1118037c7cc98041440b5eabda3185ac7b",
                "sha256:62512c0ec5d307f56d86504c58eace11c1bc2afcdf44e3ff20de8ca427ca1d0e",
                "sha256:65ad3ff837c89a229d626b8004f0ee32110f9bfdb6a88b76a80df36ccc60d926",
                "sha256:666c6b32b69e56221ad1551d377f718ed00e6167c7a1b9257f780b105a101271",
                "sha256:6e994003e719458420e14ffb43c08f4c14990e20d9e077cb5cad7a3e419bbb54",
                "sha256:72bf437d54186d104388cbae73c9f2b0f8a3e11b6e8d7deb593bd14625c96026",
                "sha256:738e823a746841248b56f0f3bd6abf3b73af191d1fd65e4c723b9c456216f0ad",
                "sha256:78287731e3601ea5ce9d6468c82d88a12ef8fe625d6b7bdec9b45d96c1ad6533",
                "sha256:7833c872718dc913f18e51ee97ea0dece61d9930893a58b20b3daf09bb1af6b6",
                "sha256:7e083d32965d2eb6638a77e65b622be32a094fdc0250f28ce6039b0732fbcaa8",
                "sha256:8186b5a4730c896cbe1e4b645bdc524e62d874351ae50e1db7c3e9f5dc81dc26",
                "sha256:8605add58e6a960729aa40c0fd9a20a55909dd9b586d3e8104cc7f45869e4c6b",
                "sha256:977ce557d79577a3dd510844904d5d968bfef9489f512be65e2882e1c6eed7d8",
                "sha256:994ce5a7b3d20981b81d83618aa4882f955bfa573efdbef033d5632b58597ba9",
                "sha256:9ad5895938a894c368d49d8470fe9f519909e5ebc6b8f8ea5190bd0df6aa4271",
                "sha256:9eb0a1923354e0fdd1c8a6f53f5db2e6180d670e2b587914bf2e79fa8acfd003",
                "sha256:a00284dbfb53b42e35c7dd99fc0e26ef89b4a34efff68078ed29d03ccb28402a",
                "sha256:a11a2c019324fc111485e79d55907e7289e53d0031275a6c8daed30690bc50c0",
                "sha256:ab6a0fe4c96f8058d41948ddf134420d3ef8c42d5508b5a341a440cce7a37a1d",
                "sha256:ae6de0e41f44794e68d23644636544ed8003ce24845f213b24de097cbf44997f",
                "sha256:b1d0a1bce919de0dd8da5cff4e616b2d9e6ebf3bd1410ff645318c3dd615010a",
                "sha256:b8e4f15b672c9156c1154249a9c5746e86ac9ae9edc3799ee3afebc323d9d9e0",
                "sha256:bbca34dca5a2d60f81326d908d77313816fad23d11b6069031a3d6b8c97a54f9",
                "sha256:bf656cd74ff7b4ed7006cdb2a6728150aaad69c7242b42a2a532f77b63ea233f",
                "sha256:c40966b683d92869b72ea3c11fd6b99a091fd30e12652727eca117273fc97366",
                "sha256:c95257aa2ccf75d3d91d772060538d5fea7f625e48157f8ca44594f94d41cb33",
                "sha256:db2797ed7a7e883b9ab76e8e778bb4c859fc2037d6fd0644d8675e64d58d1653",
                "sha256:dc5023be1c2a8b0a0ab5e31389e62c28b2453eb31dd069f4b8d1a0f9814d951a",
                "sha256:e14bceb1f3ae8a14374be2b2d7bc12a59226872285f91d66d301e5f41705d4d6",
                "sha256:e3c4f5211394cd0bf6874ac5d29684a495f9c374919833dcfff0bd6d37f96201",
                "sha256:e76f017b6d4140a038c5ff12be1581183d7874e41f1c0af58ecf07748d36a336",
                "sha256:e7d5606b9240ed4def9cbdf35be4308047d11e858b9c88a6c26974758d6225ce",
                "sha256:f0f80e323a17af63eac6a9db0c9188c10f1fd815c3ab299727150cc0eb92c7a4",
                "sha256:fb2fa2f6506c03c48ca42e3fe5a692d7470d290c047ee6de7c0f3e5fa7639ac9",
                "sha256:ffa8fee2b1b9e60b531c4c27cf528d6b5d5da46b1730db1f4d6eee56ff282e07"
            ],
            "version": "==6.1.1"
        },
        "docutils": {
            "hashes": [
                "sha256:686577d2e4c32380bb50cbb22f575ed742d58168cee37e99117a854bcd88f125",
                "sha256:cf316c8370a737a022b72b56874f6602acf974a37a9fba42ec2876387549fc61"
            ],
            "version": "==0.17.1"
        },
        "flake8": {
            "hashes": [
                "sha256:479b1304f72536a55948cb40a32dce8bb0ffe3501e26eaf292c7e60eb5e0428d",
                "sha256:806e034dda44114815e23c16ef92f95c91e4c71100ff52813adf7132a6ad870d"
            ],
            "version": "==4.0.1"
        },
        "funcparserlib": {
            "hashes": [
                "sha256:a5ca025aaec28ae19956556260f5e0f28b0d851863e7982a0daf238161e33752",
                "sha256:e6fb432a9276078eee71813a59089fd8c4f3e81f183b4ce8b8b4734d0b2faa2a"
            ],
            "index": "pypi",
            "version": "==1.0.0a0"
        },
        "future": {
            "hashes": [
                "sha256:b1bead90b70cf6ec3f0710ae53a525360fa360d306a86583adc6bf83a4db537d"
            ],
            "version": "==0.18.2"
        },
        "idna": {
            "hashes": [
                "sha256:84d9dd047ffa80596e0f246e2eab0b391788b0503584e8945f2368256d2735ff",
                "sha256:9d643ff0a55b762d5cdb124b8eaa99c66322e2157b69160bc32796e824360e6d"
            ],
            "markers": "python_version >= '3'",
            "version": "==3.3"
        },
        "imagesize": {
            "hashes": [
                "sha256:6965f19a6a2039c7d48bca7dba2473069ff854c36ae6f19d2cde309d998228a1",
                "sha256:b1f6b5a4eab1f73479a50fb79fcf729514a900c341d8503d62a62dbc4127a2b1"
            ],
            "version": "==1.2.0"
        },
        "importlib-metadata": {
            "hashes": [
                "sha256:057e92c15bc8d9e8109738a48db0ccb31b4d9d5cfbee5a8670879a30be66304b",
                "sha256:b7e52a1f8dec14a75ea73e0891f3060099ca1d8e6a462a4dff11c3e119ea1b31"
            ],
            "markers": "python_version < '3.8'",
            "version": "==4.2.0"
        },
        "iniconfig": {
            "hashes": [
                "sha256:011e24c64b7f47f6ebd835bb12a743f2fbe9a26d4cecaa7f53bc4f35ee9da8b3",
                "sha256:bc3af051d7d14b2ee5ef9969666def0cd1a000e121eaea580d4a313df4b37f32"
            ],
            "version": "==1.1.1"
        },
        "jinja2": {
            "hashes": [
                "sha256:827a0e32839ab1600d4eb1c4c33ec5a8edfbc5cb42dafa13b81f182f97784b45",
                "sha256:8569982d3f0889eed11dd620c706d39b60c36d6d25843961f33f77fb6bc6b20c"
            ],
            "version": "==3.0.2"
        },
        "kivy": {
            "extras": [
                "dev",
                "full"
            ],
            "hashes": [
                "sha256:23a7538f9c02e5d7f82f0b92d7fd313fa21ee8f0bd9890283fc7e7b02090f101",
                "sha256:256846daa1a35b54b00426f7468423a962c3d8f909d7e8c713acab55c3281dee",
                "sha256:3e739c04d3a2f38cb76779d721487131cff8ed84dbc1730d5025d62306bf6e52",
                "sha256:5bd7dba6b0bc1f71623fa734fd63e38038772336995a334718cf8474a877eb40",
                "sha256:7d736474c8075d6ee17203bd5bd42d74307239409442b27d5bcb3f3641ab0414",
                "sha256:802982bbc7ff45bc2fa8af3816008252a3e63ded949a9f5ed6d361ecb3cfc2b7",
                "sha256:86cf1f0e40ef411872c9dbc75fc1e17ec6579d1e55cafe286da6c67c07dba4cb",
                "sha256:8973ed9f0cb0d9ef0f3a520841c61c0093788a7382e8ebe7c108ec03766d9fef",
                "sha256:98ed5f46f05707a80e32a4fdd7e9fce4ac5f15da8fc83f91d5769dc66f137e20",
                "sha256:a4a693d6d1fc26928498512b9da797581e407543a644b4e0c92b9297ea2fbec9",
                "sha256:aae542f2c030d4d95f5a717b7c862cd9537b74b99010b08807db63fdd9b029e0",
                "sha256:bfb6b801599eac5aa9388308119d42a637a495945c79e2e2a3f6ef60c563c770",
                "sha256:d25e44eb44e43762b2fd0c5874e51954e0f1181fd9800d8a6756be6d084812d8",
                "sha256:eb1cc4c1e223e290d413a383ac864d29d098b8abba8e881159c7d1177c6579af",
                "sha256:eca7bde37a2cffffdcdde85ac385c2e55d776333db00be0497bf884f61022d24",
                "sha256:ed1c3076d9ef1171f6076b3b97215e5c0bcea831ca308722677611a551f16b1b",
                "sha256:ef3727a47a565e6ea486365ee310bfb0445fcf7f0ab40c1461cbf304973637eb"
            ],
            "index": "pypi",
            "version": "==2.0.0"
        },
        "kivy-deps.angle": {
            "hashes": [
                "sha256:50605fdd4c9fdbe9f717069734a598a9aba0afe5d3f0412afbe2ecff0326e92d",
                "sha256:64ac7f33c000585dc30194e604aed925972c6b7c3848b5c3b073ae916fb0b55c",
                "sha256:7b56477c726e361592f794d49b2fdd96d579b7efd7225a8aadf7fd01d4e8cb80",
                "sha256:99c40d53582a958748e251dfbd61aa67fb85963e27529ca08a21f2f5eeed04e1",
                "sha256:a2cea09e8a5e899629466403fbd540459f1cdef8d08c6c479b6607b95309be02",
                "sha256:a4b78fd9d47c76e5ff52fcbaa040920a2f97bff038f4c534346dd833dc8f3145",
                "sha256:b167e19b3eea55a9a8c606a607bb909ec1bedda88deee40347c780b310155a79",
                "sha256:b9d07976b0bf6bac724a42aa8ed5a8c7caa95609046db30c8f15bb731f8e4d36",
                "sha256:bb4d53f15a093214adbbe205c108ede5cc0f6af6eff104c1b8c468ddaaf6400a",
                "sha256:d0e7b7b9eb9669837a5d70808a7ea45f2b61961b56f9f69a233bad6bd36ce260"
            ],
            "markers": "sys_platform == 'win32'",
            "version": "==0.3.0"
        },
        "kivy-deps.glew": {
            "hashes": [
                "sha256:28aa195875a767314b12091842bdcf832401077f9e65dd9975059ddb978f2f75",
                "sha256:3e6f3376ea65b3ced19f07c63f831aa8d3028fac6970d01b400b031fbb8bbe4d",
                "sha256:4166c62999ed8a68036540bf154e25cc92ec1563fe78111926238f59b44a9af3",
                "sha256:5a63e3dd0affef2613410fe5b9b8572f1932ae2285db60071446d62f37961825",
                "sha256:6c941f321fa8fd34083054f74b9a810bc2a1f3e2560e4fa3df31995c9971f94a",
                "sha256:a57fece21c313c90c0f51a0c2b3e172a2f807bee867e0e5fad1cc014213a3543",
                "sha256:a79cc62489b1fc8dbe62aab7482865c670e1e781ec9b3f0d93f5bc87423af435",
                "sha256:ba7618c56d10745064bb953fd10957a9169c42a67d1d840773535a91b3dd82a4",
                "sha256:c2758ed67aeb5211d963aa6bd3078a72841080b95f17a5810c99af87c5433bf6",
                "sha256:f836e249970b2e1fc0a0d1bd3716892165ee5180214c071c0f804a934c363396"
            ],
            "markers": "sys_platform == 'win32'",
            "version": "==0.3.0"
        },
        "kivy-deps.glew-dev": {
            "hashes": [
                "sha256:27d82bf57baaf45970c8bc6dd1d8dc77c6ada189d64ad5f25c5648de194b39e9",
                "sha256:312272df8c8a940f08511c11912765160249f920cd49be6a671cd531d502bf70",
                "sha256:42b93eb764eb04b0893bf98611fbb8c21ec9f88b6ddcca9d38b005581f1e0873",
                "sha256:48dc06519dbdb7e85ee29da65b007399773c5c893c9fd33d8acf1e8919ad7e95",
                "sha256:61238d1d73a9911799fdd79d4ef626c3079a8614289736020854638430010d73",
                "sha256:7c532367bb21ce764355e0b2ff9ac0e2ca7fc53455011a63e167a3a43ef354e1",
                "sha256:99ccaf8f5f1ce936486bb012528658def924219caf5a1f80bce1a9fb8fe0f5c7",
                "sha256:9dab11cb499c9784ed680edc8841f69b53e5ac56976691cc404fffd9f0bf0e89",
                "sha256:d9bcca8e07c9b59d7cadc5bb47a26cb6f1a3a244ac36090da9db370805865c54",
                "sha256:ecdfd8efbc2870cfb758b7d2243318eed6c2c0e7edfaf6852152dd97ae4065bb"
            ],
            "version": "==0.3.0"
        },
        "kivy-deps.gstreamer": {
            "hashes": [
                "sha256:00fab2530c1cab9924691aecee221dee916d1426c91ccdc55593d6f236e1d837",
                "sha256:1600a0bc1b0e519becf653eb94d54f314e9e375fcbb51a079b3ba85a3d7d8f2e",
                "sha256:3cdb5257f2b79b9bb221df098b54532d471d745f027c7b7a6c74cc68a19a4359",
                "sha256:3f74a48a2bb7d7aef4c5860b2f59b91e560e3cce656c6353de383c20c73cf4e1",
                "sha256:5c4de8a9ac72ac73e65fd05d845abdf05169874985cd12b0cb92eb4e7b8b3d69",
                "sha256:a3b526e55475f1dbbea439e208d170da9a7f6b817f60e5ad9882f5681b42b36a",
                "sha256:b4a71c5e48b956e01b6749761cb8364da2616907c25d0df877c64c5fdfaf7398",
                "sha256:c3483a96d16ec1e54d7589190024e42fc5c0cbb9232144c3139c0857c61fd2a1",
                "sha256:cece8c93d21c2388618c7f9f8d2399be8c39e6aae5c7bf7b0a9163b653cc3d11",
                "sha256:fff0cf99cdebfe4824a9c83b1cd4c857d6148d6a3b87dffee32d67eaf100bd9a"
            ],
            "version": "==0.3.2"
        },
        "kivy-deps.gstreamer-dev": {
            "hashes": [
                "sha256:2ac8d6fa5bfd534bb6276464d374c91925289cf3392b0e6f8cdc2099ea3a4baf",
                "sha256:2cd7e17b51903980de952d015103149a12b691a7e5b431d4a49ed2a01e14d312",
                "sha256:51bbeaed74535e19f6ef86b7fa5ca6c230fd957eef0452066f4f46bf9cdee8a4",
                "sha256:60b491af73c1102e6d74b8208dfde0849864e27224eede8abe7cf8af17766f46",
                "sha256:76211bbb45669827131b1c876d3f5ce60261e22302a60761ad0f3bef43b32ee8",
                "sha256:a8fa67463ef4a47e566dd0467558eb165143fe98226297b1fb0ac2a3e018669f",
                "sha256:d51b6f05155d03917b22313e521ad5512a46daff9682408957511747d18d869a",
                "sha256:dafa3b2925ca5121f55bc8f737d30a7b0d1e7380a00f8e5996a49f7ed17c876a",
                "sha256:ddc39ef07db35c0e1a4074782b56ad4b14e6a6669255b69c89442d291056f60b",
                "sha256:f1e8d6a3833e96e0b051d6f77bfa59f8d8a977baee6a152945e691e8f10cad56"
            ],
            "version": "==0.3.2"
        },
        "kivy-deps.sdl2": {
            "hashes": [
                "sha256:3e37948c010681e3f58c408940e62106226a2b1e5a2bf7764469cfd683025698",
                "sha256:4a5550410e2649b72984d294fb45564bc8d76fc0bef009406d8cb328d994855c",
                "sha256:50726d6aeba460be1a9bd944ff0e763e58e122ef04b82ccbd03947ae7585cde4",
                "sha256:549e6423f55216bc761a11ec91508eb6fe836ffb984c7a3c7a58b7543d8f8f77",
                "sha256:560de04f15f59e8e94955442b72d1a1164989d3d502b5a9d132437a4c229e52f",
                "sha256:984e7fa9e1fe06fd902bb745e986300b65e00ba0eb4ecfe278f52a1915370cd0",
                "sha256:a7cee2215eb428b0be34c1da0fad806036b1382804c0e4ef62b19b11320c8462",
                "sha256:e9ad50f2f469c8bd92720f547ab722cc36ef13c1a25ef78154b6ab90d48bd960"
            ],
            "markers": "sys_platform == 'win32'",
            "version": "==0.3.1"
        },
        "kivy-deps.sdl2-dev": {
            "hashes": [
                "sha256:2f06f209aceef13235b4698a9305144f9bedff28aa0c6ed90f58bb7ee615b10a",
                "sha256:6eef3b14704b01f4b1bdfdf08a954ff6b8282134c6dc60bf0637bc2459f7a8fe",
                "sha256:84f5e54bf1b5d4f4cd5bb73693f23c6bab5ad2a48f35f5bb05e95d6a05ebd1ef",
                "sha256:8b9ff386f9b80bb98f7da51a02591a8d883bab74b3e5fc1adf734fe3d0f2377d",
                "sha256:8e9efa2bd56435b417ec1c176e9e5ce4012e585cc05caac5e6376f8716987c7c",
                "sha256:90683141b8c2d901517d628e93f2f3c577a52de8aaf7363059f7e11c0f376404",
                "sha256:bc1f2445726fe22839d8c7b1571e8061c0a9d3876c036abe8118fec5fa126e3c",
                "sha256:e398e7baf3ab48095e5477118c7b84590370646d5337fae7092e461263cb34ca"
            ],
            "version": "==0.3.1"
        },
        "kivy-garden": {
            "hashes": [
                "sha256:c256f42788421273a08fbb0a228f0fb0e80dd86b629fb8c0920507f645be6c72"
            ],
            "version": "==0.1.4"
        },
        "kivyontop": {
            "hashes": [
                "sha256:7d10f964739d063bea521938d1d32e39d2d86fe3e988ac3e466b929e2cce226d",
                "sha256:ba0472adc1c40c1507f426be2262130a8dc57a16f3f25575891fb80b054d785f"
            ],
            "index": "pypi",
            "version": "==1.4"
        },
        "markupsafe": {
            "hashes": [
                "sha256:01a9b8ea66f1658938f65b93a85ebe8bc016e6769611be228d797c9d998dd298",
                "sha256:023cb26ec21ece8dc3907c0e8320058b2e0cb3c55cf9564da612bc325bed5e64",
                "sha256:0446679737af14f45767963a1a9ef7620189912317d095f2d9ffa183a4d25d2b",
                "sha256:04635854b943835a6ea959e948d19dcd311762c5c0c6e1f0e16ee57022669194",
                "sha256:0717a7390a68be14b8c793ba258e075c6f4ca819f15edfc2a3a027c823718567",
                "sha256:0955295dd5eec6cb6cc2fe1698f4c6d84af2e92de33fbcac4111913cd100a6ff",
                "sha256:0d4b31cc67ab36e3392bbf3862cfbadac3db12bdd8b02a2731f509ed5b829724",
                "sha256:10f82115e21dc0dfec9ab5c0223652f7197feb168c940f3ef61563fc2d6beb74",
                "sha256:168cd0a3642de83558a5153c8bd34f175a9a6e7f6dc6384b9655d2697312a646",
                "sha256:1d609f577dc6e1aa17d746f8bd3c31aa4d258f4070d61b2aa5c4166c1539de35",
                "sha256:1f2ade76b9903f39aa442b4aadd2177decb66525062db244b35d71d0ee8599b6",
                "sha256:20dca64a3ef2d6e4d5d615a3fd418ad3bde77a47ec8a23d984a12b5b4c74491a",
                "sha256:2a7d351cbd8cfeb19ca00de495e224dea7e7d919659c2841bbb7f420ad03e2d6",
                "sha256:2d7d807855b419fc2ed3e631034685db6079889a1f01d5d9dac950f764da3dad",
                "sha256:2ef54abee730b502252bcdf31b10dacb0a416229b72c18b19e24a4509f273d26",
                "sha256:36bc903cbb393720fad60fc28c10de6acf10dc6cc883f3e24ee4012371399a38",
                "sha256:37205cac2a79194e3750b0af2a5720d95f786a55ce7df90c3af697bfa100eaac",
                "sha256:3c112550557578c26af18a1ccc9e090bfe03832ae994343cfdacd287db6a6ae7",
                "sha256:3dd007d54ee88b46be476e293f48c85048603f5f516008bee124ddd891398ed6",
                "sha256:4296f2b1ce8c86a6aea78613c34bb1a672ea0e3de9c6ba08a960efe0b0a09047",
                "sha256:47ab1e7b91c098ab893b828deafa1203de86d0bc6ab587b160f78fe6c4011f75",
                "sha256:49e3ceeabbfb9d66c3aef5af3a60cc43b85c33df25ce03d0031a608b0a8b2e3f",
                "sha256:4dc8f9fb58f7364b63fd9f85013b780ef83c11857ae79f2feda41e270468dd9b",
                "sha256:4efca8f86c54b22348a5467704e3fec767b2db12fc39c6d963168ab1d3fc9135",
                "sha256:53edb4da6925ad13c07b6d26c2a852bd81e364f95301c66e930ab2aef5b5ddd8",
                "sha256:5855f8438a7d1d458206a2466bf82b0f104a3724bf96a1c781ab731e4201731a",
                "sha256:594c67807fb16238b30c44bdf74f36c02cdf22d1c8cda91ef8a0ed8dabf5620a",
                "sha256:5b6d930f030f8ed98e3e6c98ffa0652bdb82601e7a016ec2ab5d7ff23baa78d1",
                "sha256:5bb28c636d87e840583ee3adeb78172efc47c8b26127267f54a9c0ec251d41a9",
                "sha256:60bf42e36abfaf9aff1f50f52644b336d4f0a3fd6d8a60ca0d054ac9f713a864",
                "sha256:611d1ad9a4288cf3e3c16014564df047fe08410e628f89805e475368bd304914",
                "sha256:6300b8454aa6930a24b9618fbb54b5a68135092bc666f7b06901f897fa5c2fee",
                "sha256:63f3268ba69ace99cab4e3e3b5840b03340efed0948ab8f78d2fd87ee5442a4f",
                "sha256:6557b31b5e2c9ddf0de32a691f2312a32f77cd7681d8af66c2692efdbef84c18",
                "sha256:693ce3f9e70a6cf7d2fb9e6c9d8b204b6b39897a2c4a1aa65728d5ac97dcc1d8",
                "sha256:6a7fae0dd14cf60ad5ff42baa2e95727c3d81ded453457771d02b7d2b3f9c0c2",
                "sha256:6c4ca60fa24e85fe25b912b01e62cb969d69a23a5d5867682dd3e80b5b02581d",
                "sha256:6fcf051089389abe060c9cd7caa212c707e58153afa2c649f00346ce6d260f1b",
                "sha256:7d91275b0245b1da4d4cfa07e0faedd5b0812efc15b702576d103293e252af1b",
                "sha256:89c687013cb1cd489a0f0ac24febe8c7a666e6e221b783e53ac50ebf68e45d86",
                "sha256:8d206346619592c6200148b01a2142798c989edcb9c896f9ac9722a99d4e77e6",
                "sha256:905fec760bd2fa1388bb5b489ee8ee5f7291d692638ea5f67982d968366bef9f",
                "sha256:97383d78eb34da7e1fa37dd273c20ad4320929af65d156e35a5e2d89566d9dfb",
                "sha256:984d76483eb32f1bcb536dc27e4ad56bba4baa70be32fa87152832cdd9db0833",
                "sha256:99df47edb6bda1249d3e80fdabb1dab8c08ef3975f69aed437cb69d0a5de1e28",
                "sha256:9f02365d4e99430a12647f09b6cc8bab61a6564363f313126f775eb4f6ef798e",
                "sha256:a30e67a65b53ea0a5e62fe23682cfe22712e01f453b95233b25502f7c61cb415",
                "sha256:ab3ef638ace319fa26553db0624c4699e31a28bb2a835c5faca8f8acf6a5a902",
                "sha256:aca6377c0cb8a8253e493c6b451565ac77e98c2951c45f913e0b52facdcff83f",
                "sha256:add36cb2dbb8b736611303cd3bfcee00afd96471b09cda130da3581cbdc56a6d",
                "sha256:b2f4bf27480f5e5e8ce285a8c8fd176c0b03e93dcc6646477d4630e83440c6a9",
                "sha256:b7f2d075102dc8c794cbde1947378051c4e5180d52d276987b8d28a3bd58c17d",
                "sha256:baa1a4e8f868845af802979fcdbf0bb11f94f1cb7ced4c4b8a351bb60d108145",
                "sha256:be98f628055368795d818ebf93da628541e10b75b41c559fdf36d104c5787066",
                "sha256:bf5d821ffabf0ef3533c39c518f3357b171a1651c1ff6827325e4489b0e46c3c",
                "sha256:c47adbc92fc1bb2b3274c4b3a43ae0e4573d9fbff4f54cd484555edbf030baf1",
                "sha256:cdfba22ea2f0029c9261a4bd07e830a8da012291fbe44dc794e488b6c9bb353a",
                "sha256:d6c7ebd4e944c85e2c3421e612a7057a2f48d478d79e61800d81468a8d842207",
                "sha256:d7f9850398e85aba693bb640262d3611788b1f29a79f0c93c565694658f4071f",
                "sha256:d8446c54dc28c01e5a2dbac5a25f071f6653e6e40f3a8818e8b45d790fe6ef53",
                "sha256:deb993cacb280823246a026e3b2d81c493c53de6acfd5e6bfe31ab3402bb37dd",
                "sha256:e0f138900af21926a02425cf736db95be9f4af72ba1bb21453432a07f6082134",
                "sha256:e9936f0b261d4df76ad22f8fee3ae83b60d7c3e871292cd42f40b81b70afae85",
                "sha256:f0567c4dc99f264f49fe27da5f735f414c4e7e7dd850cfd8e69f0862d7c74ea9",
                "sha256:f5653a225f31e113b152e56f154ccbe59eeb1c7487b39b9d9f9cdb58e6c79dc5",
                "sha256:f826e31d18b516f653fe296d967d700fddad5901ae07c622bb3705955e1faa94",
                "sha256:f8ba0e8349a38d3001fae7eadded3f6606f0da5d748ee53cc1dab1d6527b9509",
                "sha256:f9081981fe268bd86831e5c75f7de206ef275defcb82bc70740ae6dc507aee51",
                "sha256:fa130dd50c57d53368c9d59395cb5526eda596d3ffe36666cd81a44d56e48872"
            ],
            "version": "==2.0.1"
        },
        "mccabe": {
            "hashes": [
                "sha256:ab8a6258860da4b6677da4bd2fe5dc2c659cff31b3ee4f7f5d64e79735b80d42",
                "sha256:dd8d182285a0fe56bace7f45b5e7d1a6ebcbf524e8f3bd87eb0f125271b8831f"
            ],
            "version": "==0.6.1"
        },
        "nwdiag": {
            "hashes": [
                "sha256:5cd7fafd6085cd762ca9171234d07d2a33c6e81f5c66a1b233992e76300d74e2",
                "sha256:76b9a734d93e6c72efd357efd973094a84648b2b727a06e982e229ec9384336e"
            ],
            "version": "==2.0.0"
        },
        "packaging": {
            "hashes": [
                "sha256:096d689d78ca690e4cd8a89568ba06d07ca097e3306a4381635073ca91479966",
                "sha256:14317396d1e8cdb122989b916fa2c7e9ca8e2be9e8060a6eff75b6b7b4d8a7e0"
            ],
            "version": "==21.2"
        },
        "pefile": {
            "hashes": [
                "sha256:344a49e40a94e10849f0fe34dddc80f773a12b40675bf2f7be4b8be578bdd94a"
            ],
            "markers": "sys_platform == 'win32'",
            "version": "==2021.9.3"
        },
        "pillow": {
            "hashes": [
                "sha256:066f3999cb3b070a95c3652712cffa1a748cd02d60ad7b4e485c3748a04d9d76",
                "sha256:0a0956fdc5defc34462bb1c765ee88d933239f9a94bc37d132004775241a7585",
                "sha256:0b052a619a8bfcf26bd8b3f48f45283f9e977890263e4571f2393ed8898d331b",
                "sha256:1394a6ad5abc838c5cd8a92c5a07535648cdf6d09e8e2d6df916dfa9ea86ead8",
                "sha256:1bc723b434fbc4ab50bb68e11e93ce5fb69866ad621e3c2c9bdb0cd70e345f55",
                "sha256:244cf3b97802c34c41905d22810846802a3329ddcb93ccc432870243211c79fc",
                "sha256:25a49dc2e2f74e65efaa32b153527fc5ac98508d502fa46e74fa4fd678ed6645",
                "sha256:2e4440b8f00f504ee4b53fe30f4e381aae30b0568193be305256b1462216feff",
                "sha256:3862b7256046fcd950618ed22d1d60b842e3a40a48236a5498746f21189afbbc",
                "sha256:3eb1ce5f65908556c2d8685a8f0a6e989d887ec4057326f6c22b24e8a172c66b",
                "sha256:3f97cfb1e5a392d75dd8b9fd274d205404729923840ca94ca45a0af57e13dbe6",
                "sha256:493cb4e415f44cd601fcec11c99836f707bb714ab03f5ed46ac25713baf0ff20",
                "sha256:4acc0985ddf39d1bc969a9220b51d94ed51695d455c228d8ac29fcdb25810e6e",
                "sha256:5503c86916d27c2e101b7f71c2ae2cddba01a2cf55b8395b0255fd33fa4d1f1a",
                "sha256:5b7bb9de00197fb4261825c15551adf7605cf14a80badf1761d61e59da347779",
                "sha256:5e9ac5f66616b87d4da618a20ab0a38324dbe88d8a39b55be8964eb520021e02",
                "sha256:620582db2a85b2df5f8a82ddeb52116560d7e5e6b055095f04ad828d1b0baa39",
                "sha256:62cc1afda735a8d109007164714e73771b499768b9bb5afcbbee9d0ff374b43f",
                "sha256:70ad9e5c6cb9b8487280a02c0ad8a51581dcbbe8484ce058477692a27c151c0a",
                "sha256:72b9e656e340447f827885b8d7a15fc8c4e68d410dc2297ef6787eec0f0ea409",
                "sha256:72cbcfd54df6caf85cc35264c77ede902452d6df41166010262374155947460c",
                "sha256:792e5c12376594bfcb986ebf3855aa4b7c225754e9a9521298e460e92fb4a488",
                "sha256:7b7017b61bbcdd7f6363aeceb881e23c46583739cb69a3ab39cb384f6ec82e5b",
                "sha256:81f8d5c81e483a9442d72d182e1fb6dcb9723f289a57e8030811bac9ea3fef8d",
                "sha256:82aafa8d5eb68c8463b6e9baeb4f19043bb31fefc03eb7b216b51e6a9981ae09",
                "sha256:84c471a734240653a0ec91dec0996696eea227eafe72a33bd06c92697728046b",
                "sha256:8c803ac3c28bbc53763e6825746f05cc407b20e4a69d0122e526a582e3b5e153",
                "sha256:93ce9e955cc95959df98505e4608ad98281fff037350d8c2671c9aa86bcf10a9",
                "sha256:9a3e5ddc44c14042f0844b8cf7d2cd455f6cc80fd7f5eefbe657292cf601d9ad",
                "sha256:a4901622493f88b1a29bd30ec1a2f683782e57c3c16a2dbc7f2595ba01f639df",
                "sha256:a5a4532a12314149d8b4e4ad8ff09dde7427731fcfa5917ff16d0291f13609df",
                "sha256:b8831cb7332eda5dc89b21a7bce7ef6ad305548820595033a4b03cf3091235ed",
                "sha256:b8e2f83c56e141920c39464b852de3719dfbfb6e3c99a2d8da0edf4fb33176ed",
                "sha256:c70e94281588ef053ae8998039610dbd71bc509e4acbc77ab59d7d2937b10698",
                "sha256:c8a17b5d948f4ceeceb66384727dde11b240736fddeda54ca740b9b8b1556b29",
                "sha256:d82cdb63100ef5eedb8391732375e6d05993b765f72cb34311fab92103314649",
                "sha256:d89363f02658e253dbd171f7c3716a5d340a24ee82d38aab9183f7fdf0cdca49",
                "sha256:d99ec152570e4196772e7a8e4ba5320d2d27bf22fdf11743dd882936ed64305b",
                "sha256:ddc4d832a0f0b4c52fff973a0d44b6c99839a9d016fe4e6a1cb8f3eea96479c2",
                "sha256:e3dacecfbeec9a33e932f00c6cd7996e62f53ad46fbe677577394aaa90ee419a",
                "sha256:eb9fc393f3c61f9054e1ed26e6fe912c7321af2f41ff49d3f83d05bacf22cc78"
            ],
            "version": "==8.4.0"
        },
        "pluggy": {
            "hashes": [
                "sha256:4224373bacce55f955a878bf9cfa763c1e360858e330072059e10bad68531159",
                "sha256:74134bbf457f031a36d68416e1509f34bd5ccc019f0bcc952c7b909d06b37bd3"
            ],
            "version": "==1.0.0"
        },
        "py": {
            "hashes": [
                "sha256:21b81bda15b66ef5e1a777a21c4dcd9c20ad3efd0b3f817e7a809035269e1bd3",
                "sha256:3b80836aa6d1feeaa108e046da6423ab8f6ceda6468545ae8d02d9d58d18818a"
            ],
            "version": "==1.10.0"
        },
        "pycodestyle": {
            "hashes": [
                "sha256:720f8b39dde8b293825e7ff02c475f3077124006db4f440dcbc9a20b76548a20",
                "sha256:eddd5847ef438ea1c7870ca7eb78a9d47ce0cdb4851a5523949f2601d0cbbe7f"
            ],
            "version": "==2.8.0"
        },
        "pyflakes": {
            "hashes": [
                "sha256:05a85c2872edf37a4ed30b0cce2f6093e1d0581f8c19d7393122da7e25b2b24c",
                "sha256:3bb3a3f256f4b7968c9c788781e4ff07dce46bdf12339dcda61053375426ee2e"
            ],
            "version": "==2.4.0"
        },
        "pygments": {
            "hashes": [
                "sha256:b8e67fe6af78f492b3c4b3e2970c0624cbf08beb1e493b2c99b9fa1b67a20380",
                "sha256:f398865f7eb6874156579fdf36bc840a03cab64d1cde9e93d68f46a425ec52c6"
            ],
            "version": "==2.10.0"
        },
        "pyinstaller": {
            "hashes": [
                "sha256:0fe1fdd6851663d378e85692709506d5d7c6dfc59105315ab78ba99dac689ca3",
                "sha256:351bd218799f6253dd195c7c138b29eab96b4b1b805df2ed03f49c30343764c5",
                "sha256:3ba0dc50f8951f3c9ab4536b452f8c126ff18ff8439aa77b7e0a1b81a18c7ccf",
                "sha256:3bb837a925162518ec58f0b704c36b9c79b92f30df2fe083ddf63175de1eedcb",
                "sha256:3ff8be1da3ee971c33d3ce072dcb499658206761e0d36c38d6b83acc838d2a78",
                "sha256:72e3995ae182de2e37625a1debe1d0877a85039fe1fcda062891cfa07606072a",
                "sha256:b67c9d2844b1a47c0a83dee879ba9fe8ca4f0f076483ab279cdec4a05be8510e",
                "sha256:be2ae2aa554604eb467d02b7ac91f2f59d72a3f45ddfa2718c2e3ae9c850793c",
                "sha256:c4b3976e6891f1b46ec8baecc8a9888fc71a92178a1ee67c7c5bcb35acf6990d"
            ],
            "version": "==4.6"
        },
        "pyinstaller-hooks-contrib": {
            "hashes": [
                "sha256:169b09802a19f83593114821d6ba0416a05c7071ef0ca394f7bfb7e2c0c916c8",
                "sha256:a52bc3834281266bbf77239cfc9521923336ca622f44f90924546ed6c6d3ad5e"
            ],
            "version": "==2021.3"
        },
        "pyparsing": {
            "hashes": [
                "sha256:c203ec8783bf771a155b207279b9bccb8dea02d8f0c9e5f8ead507bc3246ecc1",
                "sha256:ef9d7589ef3c200abe66653d3f1ab1033c3c419ae9b9bdb1240a85b024efc88b"
            ],
            "version": "==2.4.7"
        },
        "pypiwin32": {
            "hashes": [
                "sha256:67adf399debc1d5d14dffc1ab5acacb800da569754fafdc576b2a039485aa775",
                "sha256:71be40c1fbd28594214ecaecb58e7aa8b708eabfa0125c8a109ebd51edbd776a"
            ],
            "markers": "sys_platform == 'win32'",
            "version": "==223"
        },
        "pytest": {
            "hashes": [
                "sha256:131b36680866a76e6781d13f101efb86cf674ebb9762eb70d3082b6f29889e89",
                "sha256:7310f8d27bc79ced999e760ca304d69f6ba6c6649c0b60fb0e04a4a77cacc134"
            ],
            "version": "==6.2.5"
        },
        "pytest-asyncio": {
            "hashes": [
                "sha256:5f2a21273c47b331ae6aa5b36087047b4899e40f03f18397c0e65fa5cca54e9b",
                "sha256:7496c5977ce88c34379df64a66459fe395cd05543f0a2f837016e7144391fcfb"
            ],
            "version": "==0.16.0"
        },
        "pytest-cov": {
            "hashes": [
                "sha256:578d5d15ac4a25e5f961c938b85a05b09fdaae9deef3bb6de9a6e766622ca7a6",
                "sha256:e7f0f5b1617d2210a2cabc266dfe2f4c75a8d32fb89eafb7ad9d06f6d076d470"
            ],
            "version": "==3.0.0"
        },
        "pytest-timeout": {
            "hashes": [
                "sha256:329bdea323d3e5bea4737070dd85a0d1021dbecb2da5342dc25284fdb929dff0",
                "sha256:a5ec4eceddb8ea726911848593d668594107e797621e97f93a1d1dbc6fbb9080"
            ],
            "version": "==2.0.1"
        },
        "pytz": {
            "hashes": [
                "sha256:3672058bc3453457b622aab7a1c3bfd5ab0bdae451512f6cf25f64ed37f5b87c",
                "sha256:acad2d8b20a1af07d4e4c9d2e9285c5ed9104354062f275f3fcd88dcef4f1326"
            ],
            "version": "==2021.3"
        },
        "pywin32": {
            "hashes": [
                "sha256:2393c1a40dc4497fd6161b76801b8acd727c5610167762b7c3e9fd058ef4a6ab",
                "sha256:251b7a9367355ccd1a4cd69cd8dd24bd57b29ad83edb2957cfa30f7ed9941efa",
                "sha256:48dd4e348f1ee9538dd4440bf201ea8c110ea6d9f3a5010d79452e9fa80480d9",
                "sha256:496df89f10c054c9285cc99f9d509e243f4e14ec8dfc6d78c9f0bf147a893ab1",
                "sha256:543552e66936378bd2d673c5a0a3d9903dba0b0a87235ef0c584f058ceef5872",
                "sha256:79cf7e6ddaaf1cd47a9e50cc74b5d770801a9db6594464137b1b86aa91edafcc",
                "sha256:af5aea18167a31efcacc9f98a2ca932c6b6a6d91ebe31f007509e293dea12580",
                "sha256:d3761ab4e8c5c2dbc156e2c9ccf38dd51f936dc77e58deb940ffbc4b82a30528",
                "sha256:e372e477d938a49266136bff78279ed14445e00718b6c75543334351bf535259",
                "sha256:fe21c2fb332d03dac29de070f191bdbf14095167f8f2165fdc57db59b1ecc006"
            ],
            "version": "==302"
        },
        "pywin32-ctypes": {
            "hashes": [
                "sha256:24ffc3b341d457d48e8922352130cf2644024a4ff09762a2261fd34c36ee5942",
                "sha256:9dc2d991b3479cc2df15930958b674a48a227d5361d413827a4cfd0b5876fc98"
            ],
            "markers": "sys_platform == 'win32'",
            "version": "==0.2.0"
        },
        "pyyaml": {
            "hashes": [
                "sha256:0283c35a6a9fbf047493e3a0ce8d79ef5030852c51e9d911a27badfde0605293",
                "sha256:055d937d65826939cb044fc8c9b08889e8c743fdc6a32b33e2390f66013e449b",
                "sha256:07751360502caac1c067a8132d150cf3d61339af5691fe9e87803040dbc5db57",
                "sha256:0b4624f379dab24d3725ffde76559cff63d9ec94e1736b556dacdfebe5ab6d4b",
                "sha256:0ce82d761c532fe4ec3f87fc45688bdd3a4c1dc5e0b4a19814b9009a29baefd4",
                "sha256:1e4747bc279b4f613a09eb64bba2ba602d8a6664c6ce6396a4d0cd413a50ce07",
                "sha256:213c60cd50106436cc818accf5baa1aba61c0189ff610f64f4a3e8c6726218ba",
                "sha256:231710d57adfd809ef5d34183b8ed1eeae3f76459c18fb4a0b373ad56bedcdd9",
                "sha256:277a0ef2981ca40581a47093e9e2d13b3f1fbbeffae064c1d21bfceba2030287",
                "sha256:2cd5df3de48857ed0544b34e2d40e9fac445930039f3cfe4bcc592a1f836d513",
                "sha256:40527857252b61eacd1d9af500c3337ba8deb8fc298940291486c465c8b46ec0",
                "sha256:473f9edb243cb1935ab5a084eb238d842fb8f404ed2193a915d1784b5a6b5fc0",
                "sha256:48c346915c114f5fdb3ead70312bd042a953a8ce5c7106d5bfb1a5254e47da92",
                "sha256:50602afada6d6cbfad699b0c7bb50d5ccffa7e46a3d738092afddc1f9758427f",
                "sha256:68fb519c14306fec9720a2a5b45bc9f0c8d1b9c72adf45c37baedfcd949c35a2",
                "sha256:77f396e6ef4c73fdc33a9157446466f1cff553d979bd00ecb64385760c6babdc",
                "sha256:819b3830a1543db06c4d4b865e70ded25be52a2e0631ccd2f6a47a2822f2fd7c",
                "sha256:897b80890765f037df3403d22bab41627ca8811ae55e9a722fd0392850ec4d86",
                "sha256:98c4d36e99714e55cfbaaee6dd5badbc9a1ec339ebfc3b1f52e293aee6bb71a4",
                "sha256:9df7ed3b3d2e0ecfe09e14741b857df43adb5a3ddadc919a2d94fbdf78fea53c",
                "sha256:9fa600030013c4de8165339db93d182b9431076eb98eb40ee068700c9c813e34",
                "sha256:a80a78046a72361de73f8f395f1f1e49f956c6be882eed58505a15f3e430962b",
                "sha256:b3d267842bf12586ba6c734f89d1f5b871df0273157918b0ccefa29deb05c21c",
                "sha256:b5b9eccad747aabaaffbc6064800670f0c297e52c12754eb1d976c57e4f74dcb",
                "sha256:c5687b8d43cf58545ade1fe3e055f70eac7a5a1a0bf42824308d868289a95737",
                "sha256:cba8c411ef271aa037d7357a2bc8f9ee8b58b9965831d9e51baf703280dc73d3",
                "sha256:d15a181d1ecd0d4270dc32edb46f7cb7733c7c508857278d3d378d14d606db2d",
                "sha256:d4db7c7aef085872ef65a8fd7d6d09a14ae91f691dec3e87ee5ee0539d516f53",
                "sha256:d4eccecf9adf6fbcc6861a38015c2a64f38b9d94838ac1810a9023a0609e1b78",
                "sha256:d67d839ede4ed1b28a4e8909735fc992a923cdb84e618544973d7dfc71540803",
                "sha256:daf496c58a8c52083df09b80c860005194014c3698698d1a57cbcfa182142a3a",
                "sha256:e61ceaab6f49fb8bdfaa0f92c4b57bcfbea54c09277b1b4f7ac376bfb7a7c174",
                "sha256:f84fbc98b019fef2ee9a1cb3ce93e3187a6df0b2538a651bfb890254ba9f90b5"
            ],
            "index": "pypi",
            "version": "==6.0"
        },
        "requests": {
            "hashes": [
                "sha256:6c1246513ecd5ecd4528a0906f910e8f0f9c6b8ec72030dc9fd154dc1a6efd24",
                "sha256:b8aa58f8cf793ffd8782d3d8cb19e66ef36f7aba4353eec859e74678b01b07a7"
            ],
            "version": "==2.26.0"
        },
        "seqdiag": {
            "hashes": [
                "sha256:3167f16b4d15f3cd20de302fa600c96e4a50c92dae873bcbcf136c7588eeaa48",
                "sha256:93ebc7a0c6b56b6ba0d1e36863c5749f03e82c487b6d1e6f1103b4219323f24c"
            ],
            "version": "==2.0.0"
        },
        "snowballstemmer": {
            "hashes": [
                "sha256:b51b447bea85f9968c13b650126a888aabd4cb4463fca868ec596826325dedc2",
                "sha256:e997baa4f2e9139951b6f4c631bad912dfd3c792467e2f03d7239464af90e914"
            ],
            "version": "==2.1.0"
        },
        "sphinx": {
            "hashes": [
                "sha256:94078db9184491e15bce0a56d9186e0aec95f16ac20b12d00e06d4e36f1058a6",
                "sha256:98a535c62a4fcfcc362528592f69b26f7caec587d32cd55688db580be0287ae0"
            ],
            "version": "==4.2.0"
        },
        "sphinxcontrib-actdiag": {
            "hashes": [
                "sha256:4edb8564e2e48a0e0c50b2e7743425ad34f1f11886c37e0cb23997a0f95a74c6",
                "sha256:7c828ffcdc5ba40aaf18ca08a1603e6c11a0eaab6ece6b60b775e9040ceeedbe"
            ],
            "version": "==2.0.0"
        },
        "sphinxcontrib-applehelp": {
            "hashes": [
                "sha256:806111e5e962be97c29ec4c1e7fe277bfd19e9652fb1a4392105b43e01af885a",
                "sha256:a072735ec80e7675e3f432fcae8610ecf509c5f1869d17e2eecff44389cdbc58"
            ],
            "version": "==1.0.2"
        },
        "sphinxcontrib-blockdiag": {
            "hashes": [
                "sha256:51ce7cff8d25dfd4c8a753d5aa5491e6dbf280004719c49e8001e583ecda7d91",
                "sha256:91fd35b64f1f25db59d80b8a5196ed4ffadf57a81f63ee207e34d53ec36d8f97"
            ],
            "version": "==2.0.0"
        },
        "sphinxcontrib-devhelp": {
            "hashes": [
                "sha256:8165223f9a335cc1af7ffe1ed31d2871f325254c0423bc0c4c7cd1c1e4734a2e",
                "sha256:ff7f1afa7b9642e7060379360a67e9c41e8f3121f2ce9164266f61b9f4b338e4"
            ],
            "version": "==1.0.2"
        },
        "sphinxcontrib-htmlhelp": {
            "hashes": [
                "sha256:d412243dfb797ae3ec2b59eca0e52dac12e75a241bf0e4eb861e450d06c6ed07",
                "sha256:f5f8bb2d0d629f398bf47d0d69c07bc13b65f75a81ad9e2f71a63d4b7a2f6db2"
            ],
            "version": "==2.0.0"
        },
        "sphinxcontrib-jsmath": {
            "hashes": [
                "sha256:2ec2eaebfb78f3f2078e73666b1415417a116cc848b72e5172e596c871103178",
                "sha256:a9925e4a4587247ed2191a22df5f6970656cb8ca2bd6284309578f2153e0c4b8"
            ],
            "version": "==1.0.1"
        },
        "sphinxcontrib-nwdiag": {
            "hashes": [
                "sha256:5aae8c83b19e940409554b69249cf97e4f565331effd208cca9fddbc90b6ea36",
                "sha256:6ee95ad43bad46fe8dc1f65185c8997cb1d16665eee36a7eaaf6de13137ff859"
            ],
            "version": "==2.0.0"
        },
        "sphinxcontrib-qthelp": {
            "hashes": [
                "sha256:4c33767ee058b70dba89a6fc5c1892c0d57a54be67ddd3e7875a18d14cba5a72",
                "sha256:bd9fc24bcb748a8d51fd4ecaade681350aa63009a347a8c14e637895444dfab6"
            ],
            "version": "==1.0.3"
        },
        "sphinxcontrib-seqdiag": {
            "hashes": [
                "sha256:4c7275adafd6d97fe541a0e319b2f6ed5327d2558f240a7080a32b3e12f4258d",
                "sha256:f1a18953e9ccc0b316d7c28edfb97048030dea9bc37c97480dbc0bed5851d377"
            ],
            "version": "==2.0.0"
        },
        "sphinxcontrib-serializinghtml": {
            "hashes": [
                "sha256:352a9a00ae864471d3a7ead8d7d79f5fc0b57e8b3f95e9867eb9eb28999b92fd",
                "sha256:aa5f6de5dfdf809ef505c4895e51ef5c9eac17d0f287933eb49ec495280b6952"
            ],
            "version": "==1.1.5"
        },
        "toml": {
            "hashes": [
                "sha256:806143ae5bfb6a3c6e736a764057db0e6a0e05e338b5630894a5f779cabb4f9b",
                "sha256:b3bda1d108d5dd99f4a20d24d9c348e91c4db7ab1b749200bded2f839ccbe68f"
            ],
            "version": "==0.10.2"
        },
        "tomli": {
            "hashes": [
                "sha256:c6ce0015eb38820eaf32b5db832dbc26deb3dd427bd5f6556cf0acac2c214fee",
                "sha256:f04066f68f5554911363063a30b108d2b5a5b1a010aa8b6132af78489fe3aade"
            ],
            "version": "==1.2.2"
        },
        "typing-extensions": {
            "hashes": [
                "sha256:49f75d16ff11f1cd258e1b988ccff82a3ca5570217d7ad8c5f48205dd99a677e",
                "sha256:d8226d10bc02a29bcc81df19a26e56a9647f8b0a6d4a83924139f4a8b01f17b7",
                "sha256:f1d25edafde516b146ecd0613dabcc61409817af4766fbbcfb8d1ad4ec441a34"
            ],
            "markers": "python_version < '3.8'",
            "version": "==3.10.0.2"
        },
        "urllib3": {
            "hashes": [
                "sha256:4987c65554f7a2dbf30c18fd48778ef124af6fab771a377103da0585e2336ece",
                "sha256:c4fdf4019605b6e5423637e01bc9fe4daef873709a7973e195ceba0a62bbc844"
            ],
            "version": "==1.26.7"
        },
        "webcolors": {
            "hashes": [
                "sha256:76f360636957d1c976db7466bc71dcb713bb95ac8911944dffc55c01cb516de6",
                "sha256:b8cd5d865a25c51ff1218f0c90d0c0781fc64312a49b746b320cf50de1648f6e"
            ],
            "version": "==1.11.1"
        },
        "zipp": {
            "hashes": [
                "sha256:71c644c5369f4a6e07636f0aa966270449561fcea2e3d6747b8d23efaa9d7832",
                "sha256:9fe5ea21568a0a70e50f273397638d39b03353731e6cbbb3fd8502a33fec40bc"
            ],
            "version": "==3.6.0"
        }
    },
    "develop": {}
}
